
Microsoft Visual Studio Solution File, Format Version 12.00
# Visual Studio Version 16
VisualStudioVersion = 16.6.30114.105
MinimumVisualStudioVersion = 10.0.40219.1
Project("{9A19103F-16F7-4668-BE54-9A1E7A4F7556}") = "SilKsPlugins.DiscordBot", "SilKsPlugins.DiscordBot\SilKsPlugins.DiscordBot.csproj", "{573910D2-FFAC-41C8-AFC7-D711DF110596}"
EndProject
Project("{2150E333-8FDC-42A3-9474-1A3956D46DE8}") = "Solution Items", "Solution Items", "{3EE8B46F-7A8C-49D1-A9CD-AB74758472A0}"
	ProjectSection(SolutionItems) = preProject
		Dockerfile = Dockerfile
	EndProjectSection
EndProject
Global
	GlobalSection(SolutionConfigurationPlatforms) = preSolution
		Debug|Any CPU = Debug|Any CPU
		Release|Any CPU = Release|Any CPU
	EndGlobalSection
	GlobalSection(ProjectConfigurationPlatforms) = postSolution
		{573910D2-FFAC-41C8-AFC7-D711DF110596}.Debug|Any CPU.ActiveCfg = Debug|Any CPU
		{573910D2-FFAC-41C8-AFC7-D711DF110596}.Debug|Any CPU.Build.0 = Debug|Any CPU
		{573910D2-FFAC-41C8-AFC7-D711DF110596}.Release|Any CPU.ActiveCfg = Release|Any CPU
		{573910D2-FFAC-41C8-AFC7-D711DF110596}.Release|Any CPU.Build.0 = Release|Any CPU
	EndGlobalSection
	GlobalSection(SolutionProperties) = preSolution
		HideSolutionNode = FALSE
	EndGlobalSection
	GlobalSection(ExtensibilityGlobals) = postSolution
		SolutionGuid = {DC4F5EEC-3BB5-4579-AC9C-2DC87DDD8BAB}
	EndGlobalSection
EndGlobal
